
Microsoft Visual Studio Solution File, Format Version 12.00
# Visual Studio Version 16
VisualStudioVersion = 16.0.32510.428
MinimumVisualStudioVersion = 10.0.40219.1
Project("{FAE04EC0-301F-11D3-BF4B-00C04F79EFBC}") = "Personality Test", "Personality Test\Personality Test.csproj", "{0FE0BF7D-52DA-40DA-B626-F5AC2AB3A206}"
EndProject
Project("{FAE04EC0-301F-11D3-BF4B-00C04F79EFBC}") = "PersonalityTestSwitch", "PersonalityTestSwitch\PersonalityTestSwitch.csproj", "{46D7618A-98BF-4A4F-A505-E56DFF71C51F}"
EndProject
Project("{FAE04EC0-301F-11D3-BF4B-00C04F79EFBC}") = "GradingIF", "GradingIF\GradingIF.csproj", "{FD9E5BF8-1CA0-4894-B072-AD8957F34163}"
EndProject
Project("{FAE04EC0-301F-11D3-BF4B-00C04F79EFBC}") = "GradingSwitch", "GradingSwitch\GradingSwitch.csproj", "{B4C41DFB-1F2A-400F-A20D-991890261AEB}"
EndProject
Project("{FAE04EC0-301F-11D3-BF4B-00C04F79EFBC}") = "CatsandDogs", "CatsandDogs\CatsandDogs.csproj", "{5B3AECD8-FF9A-4A66-A5DE-7FE6B4163ADF}"
EndProject
Global
	GlobalSection(SolutionConfigurationPlatforms) = preSolution
		Debug|Any CPU = Debug|Any CPU
		Release|Any CPU = Release|Any CPU
	EndGlobalSection
	GlobalSection(ProjectConfigurationPlatforms) = postSolution
		{0FE0BF7D-52DA-40DA-B626-F5AC2AB3A206}.Debug|Any CPU.ActiveCfg = Debug|Any CPU
		{0FE0BF7D-52DA-40DA-B626-F5AC2AB3A206}.Debug|Any CPU.Build.0 = Debug|Any CPU
		{0FE0BF7D-52DA-40DA-B626-F5AC2AB3A206}.Release|Any CPU.ActiveCfg = Release|Any CPU
		{0FE0BF7D-52DA-40DA-B626-F5AC2AB3A206}.Release|Any CPU.Build.0 = Release|Any CPU
		{46D7618A-98BF-4A4F-A505-E56DFF71C51F}.Debug|Any CPU.ActiveCfg = Debug|Any CPU
		{46D7618A-98BF-4A4F-A505-E56DFF71C51F}.Debug|Any CPU.Build.0 = Debug|Any CPU
		{46D7618A-98BF-4A4F-A505-E56DFF71C51F}.Release|Any CPU.ActiveCfg = Release|Any CPU
		{46D7618A-98BF-4A4F-A505-E56DFF71C51F}.Release|Any CPU.Build.0 = Release|Any CPU
		{FD9E5BF8-1CA0-4894-B072-AD8957F34163}.Debug|Any CPU.ActiveCfg = Debug|Any CPU
		{FD9E5BF8-1CA0-4894-B072-AD8957F34163}.Debug|Any CPU.Build.0 = Debug|Any CPU
		{FD9E5BF8-1CA0-4894-B072-AD8957F34163}.Release|Any CPU.ActiveCfg = Release|Any CPU
		{FD9E5BF8-1CA0-4894-B072-AD8957F34163}.Release|Any CPU.Build.0 = Release|Any CPU
		{B4C41DFB-1F2A-400F-A20D-991890261AEB}.Debug|Any CPU.ActiveCfg = Debug|Any CPU
		{B4C41DFB-1F2A-400F-A20D-991890261AEB}.Debug|Any CPU.Build.0 = Debug|Any CPU
		{B4C41DFB-1F2A-400F-A20D-991890261AEB}.Release|Any CPU.ActiveCfg = Release|Any CPU
		{B4C41DFB-1F2A-400F-A20D-991890261AEB}.Release|Any CPU.Build.0 = Release|Any CPU
		{5B3AECD8-FF9A-4A66-A5DE-7FE6B4163ADF}.Debug|Any CPU.ActiveCfg = Debug|Any CPU
		{5B3AECD8-FF9A-4A66-A5DE-7FE6B4163ADF}.Debug|Any CPU.Build.0 = Debug|Any CPU
		{5B3AECD8-FF9A-4A66-A5DE-7FE6B4163ADF}.Release|Any CPU.ActiveCfg = Release|Any CPU
		{5B3AECD8-FF9A-4A66-A5DE-7FE6B4163ADF}.Release|Any CPU.Build.0 = Release|Any CPU
	EndGlobalSection
	GlobalSection(SolutionProperties) = preSolution
		HideSolutionNode = FALSE
	EndGlobalSection
	GlobalSection(ExtensibilityGlobals) = postSolution
		SolutionGuid = {34A68037-794B-4318-82C3-7134D3441288}
	EndGlobalSection
EndGlobal
